
Microsoft Visual Studio Solution File, Format Version 12.00
# Visual Studio 15
VisualStudioVersion = 15.0.27428.2011
MinimumVisualStudioVersion = 10.0.40219.1
Project("{FAE04EC0-301F-11D3-BF4B-00C04F79EFBC}") = "FacebookWebHook", "FacebookWebHook\FacebookWebHook.csproj", "{BF6E34E4-381D-45E3-9AF1-3EB1E74B04A9}"
EndProject
Global
	GlobalSection(SolutionConfigurationPlatforms) = preSolution
		Debug|Any CPU = Debug|Any CPU
		Release|Any CPU = Release|Any CPU
	EndGlobalSection
	GlobalSection(ProjectConfigurationPlatforms) = postSolution
		{BF6E34E4-381D-45E3-9AF1-3EB1E74B04A9}.Debug|Any CPU.ActiveCfg = Debug|Any CPU
		{BF6E34E4-381D-45E3-9AF1-3EB1E74B04A9}.Debug|Any CPU.Build.0 = Debug|Any CPU
		{BF6E34E4-381D-45E3-9AF1-3EB1E74B04A9}.Release|Any CPU.ActiveCfg = Release|Any CPU
		{BF6E34E4-381D-45E3-9AF1-3EB1E74B04A9}.Release|Any CPU.Build.0 = Release|Any CPU
	EndGlobalSection
	GlobalSection(SolutionProperties) = preSolution
		HideSolutionNode = FALSE
	EndGlobalSection
	GlobalSection(ExtensibilityGlobals) = postSolution
		SolutionGuid = {0AEE0C58-E988-4825-A51E-B6355FD7A2AC}
	EndGlobalSection
EndGlobal
